// !$*UTF8*$!
{
	archiveVersion = 1;
	classes = {
	};
	objectVersion = 46;
	objects = {

/* Begin PBXBuildFile section */
		9914D13B1B2AFE4B00557FDB /* main.m in Sources */ = {isa = PBXBuildFile; fileRef = 9914D13A1B2AFE4B00557FDB /* main.m */; };
		9914D13E1B2AFE4B00557FDB /* AppDelegate.m in Sources */ = {isa = PBXBuildFile; fileRef = 9914D13D1B2AFE4B00557FDB /* AppDelegate.m */; };
		9914D1441B2AFE4B00557FDB /* Main.storyboard in Resources */ = {isa = PBXBuildFile; fileRef = 9914D1421B2AFE4B00557FDB /* Main.storyboard */; };
		9914D1461B2AFE4B00557FDB /* Images.xcassets in Resources */ = {isa = PBXBuildFile; fileRef = 9914D1451B2AFE4B00557FDB /* Images.xcassets */; };
		9914D1491B2AFE4B00557FDB /* LaunchScreen.xib in Resources */ = {isa = PBXBuildFile; fileRef = 9914D1471B2AFE4B00557FDB /* LaunchScreen.xib */; };
		9914D1551B2AFE4B00557FDB /* livedoorNEWSTests.m in Sources */ = {isa = PBXBuildFile; fileRef = 9914D1541B2AFE4B00557FDB /* livedoorNEWSTests.m */; };
		9914D1631B2AFF2F00557FDB /* AKASynchro.m in Sources */ = {isa = PBXBuildFile; fileRef = 9914D1621B2AFF2F00557FDB /* AKASynchro.m */; };
		9914D1661B2AFF6400557FDB /* AKATopViewController.m in Sources */ = {isa = PBXBuildFile; fileRef = 9914D1651B2AFF6400557FDB /* AKATopViewController.m */; };
		9914D1691B2B021200557FDB /* AKACategoryViewController.m in Sources */ = {isa = PBXBuildFile; fileRef = 9914D1681B2B021200557FDB /* AKACategoryViewController.m */; };
		9914D16E1B2B3F2B00557FDB /* AKACoreData.m in Sources */ = {isa = PBXBuildFile; fileRef = 9914D16D1B2B3F2B00557FDB /* AKACoreData.m */; };
		9914D1711B2B3FF200557FDB /* Model.xcdatamodeld in Sources */ = {isa = PBXBuildFile; fileRef = 9914D16F1B2B3FF200557FDB /* Model.xcdatamodeld */; };
/* End PBXBuildFile section */

/* Begin PBXContainerItemProxy section */
		9914D14F1B2AFE4B00557FDB /* PBXContainerItemProxy */ = {
			isa = PBXContainerItemProxy;
			containerPortal = 9914D12D1B2AFE4B00557FDB /* Project object */;
			proxyType = 1;
			remoteGlobalIDString = 9914D1341B2AFE4B00557FDB;
			remoteInfo = livedoorNEWS;
		};
/* End PBXContainerItemProxy section */

/* Begin PBXFileReference section */
		9914D1351B2AFE4B00557FDB /* livedoorNEWS.app */ = {isa = PBXFileReference; explicitFileType = wrapper.application; includeInIndex = 0; path = livedoorNEWS.app; sourceTree = BUILT_PRODUCTS_DIR; };
		9914D1391B2AFE4B00557FDB /* Info.plist */ = {isa = PBXFileReference; lastKnownFileType = text.plist.xml; path = Info.plist; sourceTree = "<group>"; };
		9914D13A1B2AFE4B00557FDB /* main.m */ = {isa = PBXFileReference; lastKnownFileType = sourcecode.c.objc; path = main.m; sourceTree = "<group>"; };
		9914D13C1B2AFE4B00557FDB /* AppDelegate.h */ = {isa = PBXFileReference; lastKnownFileType = sourcecode.c.h; path = AppDelegate.h; sourceTree = "<group>"; };
		9914D13D1B2AFE4B00557FDB /* AppDelegate.m */ = {isa = PBXFileReference; lastKnownFileType = sourcecode.c.objc; path = AppDelegate.m; sourceTree = "<group>"; };
		9914D1431B2AFE4B00557FDB /* Base */ = {isa = PBXFileReference; lastKnownFileType = file.storyboard; name = Base; path = Base.lproj/Main.storyboard; sourceTree = "<group>"; };
		9914D1451B2AFE4B00557FDB /* Images.xcassets */ = {isa = PBXFileReference; lastKnownFileType = folder.assetcatalog; path = Images.xcassets; sourceTree = "<group>"; };
		9914D1481B2AFE4B00557FDB /* Base */ = {isa = PBXFileReference; lastKnownFileType = file.xib; name = Base; path = Base.lproj/LaunchScreen.xib; sourceTree = "<group>"; };
		9914D14E1B2AFE4B00557FDB /* livedoorNEWSTests.xctest */ = {isa = PBXFileReference; explicitFileType = wrapper.cfbundle; includeInIndex = 0; path = livedoorNEWSTests.xctest; sourceTree = BUILT_PRODUCTS_DIR; };
		9914D1531B2AFE4B00557FDB /* Info.plist */ = {isa = PBXFileReference; lastKnownFileType = text.plist.xml; path = Info.plist; sourceTree = "<group>"; };
		9914D1541B2AFE4B00557FDB /* livedoorNEWSTests.m */ = {isa = PBXFileReference; lastKnownFileType = sourcecode.c.objc; path = livedoorNEWSTests.m; sourceTree = "<group>"; };
		9914D1611B2AFF2F00557FDB /* AKASynchro.h */ = {isa = PBXFileReference; fileEncoding = 4; lastKnownFileType = sourcecode.c.h; path = AKASynchro.h; sourceTree = "<group>"; };
		9914D1621B2AFF2F00557FDB /* AKASynchro.m */ = {isa = PBXFileReference; fileEncoding = 4; lastKnownFileType = sourcecode.c.objc; path = AKASynchro.m; sourceTree = "<group>"; };
		9914D1641B2AFF6400557FDB /* AKATopViewController.h */ = {isa = PBXFileReference; fileEncoding = 4; lastKnownFileType = sourcecode.c.h; path = AKATopViewController.h; sourceTree = "<group>"; };
		9914D1651B2AFF6400557FDB /* AKATopViewController.m */ = {isa = PBXFileReference; fileEncoding = 4; lastKnownFileType = sourcecode.c.objc; path = AKATopViewController.m; sourceTree = "<group>"; };
		9914D1671B2B021200557FDB /* AKACategoryViewController.h */ = {isa = PBXFileReference; fileEncoding = 4; lastKnownFileType = sourcecode.c.h; path = AKACategoryViewController.h; sourceTree = "<group>"; };
		9914D1681B2B021200557FDB /* AKACategoryViewController.m */ = {isa = PBXFileReference; fileEncoding = 4; lastKnownFileType = sourcecode.c.objc; path = AKACategoryViewController.m; sourceTree = "<group>"; };
		9914D16A1B2B073200557FDB /* Define.h */ = {isa = PBXFileReference; lastKnownFileType = sourcecode.c.h; path = Define.h; sourceTree = "<group>"; };
		9914D16C1B2B3F2B00557FDB /* AKACoreData.h */ = {isa = PBXFileReference; fileEncoding = 4; lastKnownFileType = sourcecode.c.h; path = AKACoreData.h; sourceTree = "<group>"; };
		9914D16D1B2B3F2B00557FDB /* AKACoreData.m */ = {isa = PBXFileReference; fileEncoding = 4; lastKnownFileType = sourcecode.c.objc; path = AKACoreData.m; sourceTree = "<group>"; };
		9914D1701B2B3FF200557FDB /* Model.xcdatamodel */ = {isa = PBXFileReference; lastKnownFileType = wrapper.xcdatamodel; path = Model.xcdatamodel; sourceTree = "<group>"; };
/* End PBXFileReference section */

/* Begin PBXFrameworksBuildPhase section */
		9914D1321B2AFE4B00557FDB /* Frameworks */ = {
			isa = PBXFrameworksBuildPhase;
			buildActionMask = 2147483647;
			files = (
			);
			runOnlyForDeploymentPostprocessing = 0;
		};
		9914D14B1B2AFE4B00557FDB /* Frameworks */ = {
			isa = PBXFrameworksBuildPhase;
			buildActionMask = 2147483647;
			files = (
			);
			runOnlyForDeploymentPostprocessing = 0;
		};
/* End PBXFrameworksBuildPhase section */

/* Begin PBXGroup section */
		9914D12C1B2AFE4B00557FDB = {
			isa = PBXGroup;
			children = (
				9914D1371B2AFE4B00557FDB /* livedoorNEWS */,
				9914D1511B2AFE4B00557FDB /* livedoorNEWSTests */,
				9914D1361B2AFE4B00557FDB /* Products */,
			);
			sourceTree = "<group>";
		};
		9914D1361B2AFE4B00557FDB /* Products */ = {
			isa = PBXGroup;
			children = (
				9914D1351B2AFE4B00557FDB /* livedoorNEWS.app */,
				9914D14E1B2AFE4B00557FDB /* livedoorNEWSTests.xctest */,
			);
			name = Products;
			sourceTree = "<group>";
		};
		9914D1371B2AFE4B00557FDB /* livedoorNEWS */ = {
			isa = PBXGroup;
			children = (
				9914D16A1B2B073200557FDB /* Define.h */,
				9914D13C1B2AFE4B00557FDB /* AppDelegate.h */,
				9914D13D1B2AFE4B00557FDB /* AppDelegate.m */,
				9914D1611B2AFF2F00557FDB /* AKASynchro.h */,
				9914D16C1B2B3F2B00557FDB /* AKACoreData.h */,
				9914D16D1B2B3F2B00557FDB /* AKACoreData.m */,
				9914D1621B2AFF2F00557FDB /* AKASynchro.m */,
				9914D16B1B2B3F0F00557FDB /* View */,
				9914D1421B2AFE4B00557FDB /* Main.storyboard */,
				9914D1451B2AFE4B00557FDB /* Images.xcassets */,
				9914D16F1B2B3FF200557FDB /* Model.xcdatamodeld */,
				9914D1471B2AFE4B00557FDB /* LaunchScreen.xib */,
				9914D1381B2AFE4B00557FDB /* Supporting Files */,
			);
			path = livedoorNEWS;
			sourceTree = "<group>";
		};
		9914D1381B2AFE4B00557FDB /* Supporting Files */ = {
			isa = PBXGroup;
			children = (
				9914D1391B2AFE4B00557FDB /* Info.plist */,
				9914D13A1B2AFE4B00557FDB /* main.m */,
			);
			name = "Supporting Files";
			sourceTree = "<group>";
		};
		9914D1511B2AFE4B00557FDB /* livedoorNEWSTests */ = {
			isa = PBXGroup;
			children = (
				9914D1541B2AFE4B00557FDB /* livedoorNEWSTests.m */,
				9914D1521B2AFE4B00557FDB /* Supporting Files */,
			);
			path = livedoorNEWSTests;
			sourceTree = "<group>";
		};
		9914D1521B2AFE4B00557FDB /* Supporting Files */ = {
			isa = PBXGroup;
			children = (
				9914D1531B2AFE4B00557FDB /* Info.plist */,
			);
			name = "Supporting Files";
			sourceTree = "<group>";
		};
		9914D16B1B2B3F0F00557FDB /* View */ = {
			isa = PBXGroup;
			children = (
				9914D1641B2AFF6400557FDB /* AKATopViewController.h */,
				9914D1651B2AFF6400557FDB /* AKATopViewController.m */,
				9914D1671B2B021200557FDB /* AKACategoryViewController.h */,
				9914D1681B2B021200557FDB /* AKACategoryViewController.m */,
			);
			name = View;
			sourceTree = "<group>";
		};
/* End PBXGroup section */

/* Begin PBXNativeTarget section */
		9914D1341B2AFE4B00557FDB /* livedoorNEWS */ = {
			isa = PBXNativeTarget;
			buildConfigurationList = 9914D1581B2AFE4B00557FDB /* Build configuration list for PBXNativeTarget "livedoorNEWS" */;
			buildPhases = (
				9914D1311B2AFE4B00557FDB /* Sources */,
				9914D1321B2AFE4B00557FDB /* Frameworks */,
				9914D1331B2AFE4B00557FDB /* Resources */,
			);
			buildRules = (
			);
			dependencies = (
			);
			name = livedoorNEWS;
			productName = livedoorNEWS;
			productReference = 9914D1351B2AFE4B00557FDB /* livedoorNEWS.app */;
			productType = "com.apple.product-type.application";
		};
		9914D14D1B2AFE4B00557FDB /* livedoorNEWSTests */ = {
			isa = PBXNativeTarget;
			buildConfigurationList = 9914D15B1B2AFE4B00557FDB /* Build configuration list for PBXNativeTarget "livedoorNEWSTests" */;
			buildPhases = (
				9914D14A1B2AFE4B00557FDB /* Sources */,
				9914D14B1B2AFE4B00557FDB /* Frameworks */,
				9914D14C1B2AFE4B00557FDB /* Resources */,
			);
			buildRules = (
			);
			dependencies = (
				9914D1501B2AFE4B00557FDB /* PBXTargetDependency */,
			);
			name = livedoorNEWSTests;
			productName = livedoorNEWSTests;
			productReference = 9914D14E1B2AFE4B00557FDB /* livedoorNEWSTests.xctest */;
			productType = "com.apple.product-type.bundle.unit-test";
		};
/* End PBXNativeTarget section */

/* Begin PBXProject section */
		9914D12D1B2AFE4B00557FDB /* Project object */ = {
			isa = PBXProject;
			attributes = {
				CLASSPREFIX = AKA;
				LastUpgradeCheck = 0630;
				ORGANIZATIONNAME = akaimo;
				TargetAttributes = {
					9914D1341B2AFE4B00557FDB = {
						CreatedOnToolsVersion = 6.3.2;
					};
					9914D14D1B2AFE4B00557FDB = {
						CreatedOnToolsVersion = 6.3.2;
						TestTargetID = 9914D1341B2AFE4B00557FDB;
					};
				};
			};
			buildConfigurationList = 9914D1301B2AFE4B00557FDB /* Build configuration list for PBXProject "livedoorNEWS" */;
			compatibilityVersion = "Xcode 3.2";
			developmentRegion = English;
			hasScannedForEncodings = 0;
			knownRegions = (
				en,
				Base,
			);
			mainGroup = 9914D12C1B2AFE4B00557FDB;
			productRefGroup = 9914D1361B2AFE4B00557FDB /* Products */;
			projectDirPath = "";
			projectRoot = "";
			targets = (
				9914D1341B2AFE4B00557FDB /* livedoorNEWS */,
				9914D14D1B2AFE4B00557FDB /* livedoorNEWSTests */,
			);
		};
/* End PBXProject section */

/* Begin PBXResourcesBuildPhase section */
		9914D1331B2AFE4B00557FDB /* Resources */ = {
			isa = PBXResourcesBuildPhase;
			buildActionMask = 2147483647;
			files = (
				9914D1441B2AFE4B00557FDB /* Main.storyboard in Resources */,
				9914D1491B2AFE4B00557FDB /* LaunchScreen.xib in Resources */,
				9914D1461B2AFE4B00557FDB /* Images.xcassets in Resources */,
			);
			runOnlyForDeploymentPostprocessing = 0;
		};
		9914D14C1B2AFE4B00557FDB /* Resources */ = {
			isa = PBXResourcesBuildPhase;
			buildActionMask = 2147483647;
			files = (
			);
			runOnlyForDeploymentPostprocessing = 0;
		};
/* End PBXResourcesBuildPhase section */

/* Begin PBXSourcesBuildPhase section */
		9914D1311B2AFE4B00557FDB /* Sources */ = {
			isa = PBXSourcesBuildPhase;
			buildActionMask = 2147483647;
			files = (
				9914D1661B2AFF6400557FDB /* AKATopViewController.m in Sources */,
				9914D13E1B2AFE4B00557FDB /* AppDelegate.m in Sources */,
				9914D1691B2B021200557FDB /* AKACategoryViewController.m in Sources */,
				9914D1711B2B3FF200557FDB /* Model.xcdatamodeld in Sources */,
				9914D1631B2AFF2F00557FDB /* AKASynchro.m in Sources */,
				9914D16E1B2B3F2B00557FDB /* AKACoreData.m in Sources */,
				9914D13B1B2AFE4B00557FDB /* main.m in Sources */,
			);
			runOnlyForDeploymentPostprocessing = 0;
		};
		9914D14A1B2AFE4B00557FDB /* Sources */ = {
			isa = PBXSourcesBuildPhase;
			buildActionMask = 2147483647;
			files = (
				9914D1551B2AFE4B00557FDB /* livedoorNEWSTests.m in Sources */,
			);
			runOnlyForDeploymentPostprocessing = 0;
		};
/* End PBXSourcesBuildPhase section */

/* Begin PBXTargetDependency section */
		9914D1501B2AFE4B00557FDB /* PBXTargetDependency */ = {
			isa = PBXTargetDependency;
			target = 9914D1341B2AFE4B00557FDB /* livedoorNEWS */;
			targetProxy = 9914D14F1B2AFE4B00557FDB /* PBXContainerItemProxy */;
		};
/* End PBXTargetDependency section */

/* Begin PBXVariantGroup section */
		9914D1421B2AFE4B00557FDB /* Main.storyboard */ = {
			isa = PBXVariantGroup;
			children = (
				9914D1431B2AFE4B00557FDB /* Base */,
			);
			name = Main.storyboard;
			sourceTree = "<group>";
		};
		9914D1471B2AFE4B00557FDB /* LaunchScreen.xib */ = {
			isa = PBXVariantGroup;
			children = (
				9914D1481B2AFE4B00557FDB /* Base */,
			);
			name = LaunchScreen.xib;
			sourceTree = "<group>";
		};
/* End PBXVariantGroup section */

/* Begin XCBuildConfiguration section */
		9914D1561B2AFE4B00557FDB /* Debug */ = {
			isa = XCBuildConfiguration;
			buildSettings = {
				ALWAYS_SEARCH_USER_PATHS = NO;
				CLANG_CXX_LANGUAGE_STANDARD = "gnu++0x";
				CLANG_CXX_LIBRARY = "libc++";
				CLANG_ENABLE_MODULES = YES;
				CLANG_ENABLE_OBJC_ARC = YES;
				CLANG_WARN_BOOL_CONVERSION = YES;
				CLANG_WARN_CONSTANT_CONVERSION = YES;
				CLANG_WARN_DIRECT_OBJC_ISA_USAGE = YES_ERROR;
				CLANG_WARN_EMPTY_BODY = YES;
				CLANG_WARN_ENUM_CONVERSION = YES;
				CLANG_WARN_INT_CONVERSION = YES;
				CLANG_WARN_OBJC_ROOT_CLASS = YES_ERROR;
				CLANG_WARN_UNREACHABLE_CODE = YES;
				CLANG_WARN__DUPLICATE_METHOD_MATCH = YES;
				"CODE_SIGN_IDENTITY[sdk=iphoneos*]" = "iPhone Developer";
				COPY_PHASE_STRIP = NO;
				DEBUG_INFORMATION_FORMAT = "dwarf-with-dsym";
				ENABLE_STRICT_OBJC_MSGSEND = YES;
				GCC_C_LANGUAGE_STANDARD = gnu99;
				GCC_DYNAMIC_NO_PIC = NO;
				GCC_NO_COMMON_BLOCKS = YES;
				GCC_OPTIMIZATION_LEVEL = 0;
				GCC_PREPROCESSOR_DEFINITIONS = (
					"DEBUG=1",
					"$(inherited)",
				);
				GCC_SYMBOLS_PRIVATE_EXTERN = NO;
				GCC_WARN_64_TO_32_BIT_CONVERSION = YES;
				GCC_WARN_ABOUT_RETURN_TYPE = YES_ERROR;
				GCC_WARN_UNDECLARED_SELECTOR = YES;
				GCC_WARN_UNINITIALIZED_AUTOS = YES_AGGRESSIVE;
				GCC_WARN_UNUSED_FUNCTION = YES;
				GCC_WARN_UNUSED_VARIABLE = YES;
				IPHONEOS_DEPLOYMENT_TARGET = 8.3;
				MTL_ENABLE_DEBUG_INFO = YES;
				ONLY_ACTIVE_ARCH = YES;
				SDKROOT = iphoneos;
			};
			name = Debug;
		};
		9914D1571B2AFE4B00557FDB /* Release */ = {
			isa = XCBuildConfiguration;
			buildSettings = {
				ALWAYS_SEARCH_USER_PATHS = NO;
				CLANG_CXX_LANGUAGE_STANDARD = "gnu++0x";
				CLANG_CXX_LIBRARY = "libc++";
				CLANG_ENABLE_MODULES = YES;
				CLANG_ENABLE_OBJC_ARC = YES;
				CLANG_WARN_BOOL_CONVERSION = YES;
				CLANG_WARN_CONSTANT_CONVERSION = YES;
				CLANG_WARN_DIRECT_OBJC_ISA_USAGE = YES_ERROR;
				CLANG_WARN_EMPTY_BODY = YES;
				CLANG_WARN_ENUM_CONVERSION = YES;
				CLANG_WARN_INT_CONVERSION = YES;
				CLANG_WARN_OBJC_ROOT_CLASS = YES_ERROR;
				CLANG_WARN_UNREACHABLE_CODE = YES;
				CLANG_WARN__DUPLICATE_METHOD_MATCH = YES;
				"CODE_SIGN_IDENTITY[sdk=iphoneos*]" = "iPhone Developer";
				COPY_PHASE_STRIP = NO;
				DEBUG_INFORMATION_FORMAT = "dwarf-with-dsym";
				ENABLE_NS_ASSERTIONS = NO;
				ENABLE_STRICT_OBJC_MSGSEND = YES;
				GCC_C_LANGUAGE_STANDARD = gnu99;
				GCC_NO_COMMON_BLOCKS = YES;
				GCC_WARN_64_TO_32_BIT_CONVERSION = YES;
				GCC_WARN_ABOUT_RETURN_TYPE = YES_ERROR;
				GCC_WARN_UNDECLARED_SELECTOR = YES;
				GCC_WARN_UNINITIALIZED_AUTOS = YES_AGGRESSIVE;
				GCC_WARN_UNUSED_FUNCTION = YES;
				GCC_WARN_UNUSED_VARIABLE = YES;
				IPHONEOS_DEPLOYMENT_TARGET = 8.3;
				MTL_ENABLE_DEBUG_INFO = NO;
				SDKROOT = iphoneos;
				VALIDATE_PRODUCT = YES;
			};
			name = Release;
		};
		9914D1591B2AFE4B00557FDB /* Debug */ = {
			isa = XCBuildConfiguration;
			buildSettings = {
				ASSETCATALOG_COMPILER_APPICON_NAME = AppIcon;
				INFOPLIST_FILE = livedoorNEWS/Info.plist;
				LD_RUNPATH_SEARCH_PATHS = "$(inherited) @executable_path/Frameworks";
				PRODUCT_NAME = "$(TARGET_NAME)";
			};
			name = Debug;
		};
		9914D15A1B2AFE4B00557FDB /* Release */ = {
			isa = XCBuildConfiguration;
			buildSettings = {
				ASSETCATALOG_COMPILER_APPICON_NAME = AppIcon;
				INFOPLIST_FILE = livedoorNEWS/Info.plist;
				LD_RUNPATH_SEARCH_PATHS = "$(inherited) @executable_path/Frameworks";
				PRODUCT_NAME = "$(TARGET_NAME)";
			};
			name = Release;
		};
		9914D15C1B2AFE4B00557FDB /* Debug */ = {
			isa = XCBuildConfiguration;
			buildSettings = {
				BUNDLE_LOADER = "$(TEST_HOST)";
				FRAMEWORK_SEARCH_PATHS = (
					"$(SDKROOT)/Developer/Library/Frameworks",
					"$(inherited)",
				);
				GCC_PREPROCESSOR_DEFINITIONS = (
					"DEBUG=1",
					"$(inherited)",
				);
				INFOPLIST_FILE = livedoorNEWSTests/Info.plist;
				LD_RUNPATH_SEARCH_PATHS = "$(inherited) @executable_path/Frameworks @loader_path/Frameworks";
				PRODUCT_NAME = "$(TARGET_NAME)";
				TEST_HOST = "$(BUILT_PRODUCTS_DIR)/livedoorNEWS.app/livedoorNEWS";
			};
			name = Debug;
		};
		9914D15D1B2AFE4B00557FDB /* Release */ = {
			isa = XCBuildConfiguration;
			buildSettings = {
				BUNDLE_LOADER = "$(TEST_HOST)";
				FRAMEWORK_SEARCH_PATHS = (
					"$(SDKROOT)/Developer/Library/Frameworks",
					"$(inherited)",
				);
				INFOPLIST_FILE = livedoorNEWSTests/Info.plist;
				LD_RUNPATH_SEARCH_PATHS = "$(inherited) @executable_path/Frameworks @loader_path/Frameworks";
				PRODUCT_NAME = "$(TARGET_NAME)";
				TEST_HOST = "$(BUILT_PRODUCTS_DIR)/livedoorNEWS.app/livedoorNEWS";
			};
			name = Release;
		};
/* End XCBuildConfiguration section */

/* Begin XCConfigurationList section */
		9914D1301B2AFE4B00557FDB /* Build configuration list for PBXProject "livedoorNEWS" */ = {
			isa = XCConfigurationList;
			buildConfigurations = (
				9914D1561B2AFE4B00557FDB /* Debug */,
				9914D1571B2AFE4B00557FDB /* Release */,
			);
			defaultConfigurationIsVisible = 0;
			defaultConfigurationName = Release;
		};
		9914D1581B2AFE4B00557FDB /* Build configuration list for PBXNativeTarget "livedoorNEWS" */ = {
			isa = XCConfigurationList;
			buildConfigurations = (
				9914D1591B2AFE4B00557FDB /* Debug */,
				9914D15A1B2AFE4B00557FDB /* Release */,
			);
			defaultConfigurationIsVisible = 0;
			defaultConfigurationName = Release;
		};
		9914D15B1B2AFE4B00557FDB /* Build configuration list for PBXNativeTarget "livedoorNEWSTests" */ = {
			isa = XCConfigurationList;
			buildConfigurations = (
				9914D15C1B2AFE4B00557FDB /* Debug */,
				9914D15D1B2AFE4B00557FDB /* Release */,
			);
			defaultConfigurationIsVisible = 0;
			defaultConfigurationName = Release;
		};
/* End XCConfigurationList section */

/* Begin XCVersionGroup section */
		9914D16F1B2B3FF200557FDB /* Model.xcdatamodeld */ = {
			isa = XCVersionGroup;
			children = (
				9914D1701B2B3FF200557FDB /* Model.xcdatamodel */,
			);
			currentVersion = 9914D1701B2B3FF200557FDB /* Model.xcdatamodel */;
			path = Model.xcdatamodeld;
			sourceTree = "<group>";
			versionGroupType = wrapper.xcdatamodel;
		};
/* End XCVersionGroup section */
	};
	rootObject = 9914D12D1B2AFE4B00557FDB /* Project object */;
}
